{
  "name": "@scola/http",
  "version": "0.0.0",
  "lockfileVersion": 1,
  "requires": true,
  "dependencies": {
    "@scola/worker": {
      "version": "1.0.0",
      "resolved": "https://registry.npmjs.org/@scola/worker/-/worker-1.0.0.tgz",
      "integrity": "sha512-N3jPnh6l6SQwFoT5JEYm7P/rBbmJ3uTO33kVVO3uAaQZ+NU+h58gwtgFjeaCaUy//almf7I6KSpmfiefKVyPNg=="
    },
    "qs": {
      "version": "6.5.1",
      "resolved": "https://registry.npmjs.org/qs/-/qs-6.5.1.tgz",
      "integrity": "sha512-eRzhrN1WSINYCDCbrz796z37LOe3m5tmW7RQf6oBntukAG1nmovJvhnwHHRMAfeoItc1m2Hk02WER2aQ/iqs+A=="
    }
  }
}
